uuid: 4cf56a4d-90ca-48db-ab4a-105f2485d028
langcode: en
status: true
dependencies:
  module:
    - formjm
    - system
  theme:
    - jmtheme
id: formblock
theme: jmtheme
region: content
weight: -3
provider: null
plugin: form_block
settings:
  id: form_block
  label: 'Form block'
  label_display: '0'
  provider: formjm
visibility:
  request_path:
    id: request_path
    negate: false
    pages: '<front>'
