uuid: e7b69073-2aaa-4e80-b231-5de93f77b540
langcode: en
status: true
dependencies:
  config:
    - field.storage.paragraph.field_block
    - paragraphs.paragraphs_type.bloque_type
id: paragraph.bloque_type.field_block
field_name: field_block
entity_type: paragraph
bundle: bloque_type
label: block
description: ''
required: false
translatable: false
default_value: {  }
default_value_callback: ''
settings:
  handler: 'default:block_content'
  handler_settings: {  }
field_type: entity_reference
