uuid: 3e43fadb-733f-4340-abeb-bd6c7d5f62ec
langcode: en
status: true
dependencies:
  config:
    - block_content.type.content_block
    - field.storage.block_content.field_link_block
  module:
    - link
id: block_content.content_block.field_link_block
field_name: field_link_block
entity_type: block_content
bundle: content_block
label: 'Link del bloque'
description: ''
required: false
translatable: false
default_value: {  }
default_value_callback: ''
settings:
  title: 1
  link_type: 1
field_type: link
